
Microsoft Visual Studio Solution File, Format Version 12.00
# Visual Studio Version 17
VisualStudioVersion = 17.11.35312.102
MinimumVisualStudioVersion = 10.0.40219.1
Project("{9A19103F-16F7-4668-BE54-9A1E7A4F7556}") = "api_be.Application", "Application\api_be.Application.csproj", "{9434AE90-F2E1-4F60-9789-7EA5C8D082CE}"
EndProject
Project("{9A19103F-16F7-4668-BE54-9A1E7A4F7556}") = "api_be.Core", "Core\api_be.Core.csproj", "{326485A0-2762-44CA-87BA-E7B82475D248}"
EndProject
Project("{9A19103F-16F7-4668-BE54-9A1E7A4F7556}") = "api_be.API", "api_be\api_be.API.csproj", "{F5DA093B-8C2F-420C-9EA2-1028CE89C89F}"
EndProject
Project("{9A19103F-16F7-4668-BE54-9A1E7A4F7556}") = "api_be.Infrastructure", "Infrastructure\api_be.Infrastructure.csproj", "{590A7127-597E-4F88-949E-CFBD2DA37A6E}"
EndProject
Project("{9A19103F-16F7-4668-BE54-9A1E7A4F7556}") = "api_be.Domain", "Domain\api_be.Domain.csproj", "{C54EF1DE-CA1C-44CE-9141-D3587348FB1B}"
EndProject
Global
	GlobalSection(SolutionConfigurationPlatforms) = preSolution
		Debug|Any CPU = Debug|Any CPU
		Release|Any CPU = Release|Any CPU
	EndGlobalSection
	GlobalSection(ProjectConfigurationPlatforms) = postSolution
		{9434AE90-F2E1-4F60-9789-7EA5C8D082CE}.Debug|Any CPU.ActiveCfg = Debug|Any CPU
		{9434AE90-F2E1-4F60-9789-7EA5C8D082CE}.Debug|Any CPU.Build.0 = Debug|Any CPU
		{9434AE90-F2E1-4F60-9789-7EA5C8D082CE}.Release|Any CPU.ActiveCfg = Release|Any CPU
		{9434AE90-F2E1-4F60-9789-7EA5C8D082CE}.Release|Any CPU.Build.0 = Release|Any CPU
		{326485A0-2762-44CA-87BA-E7B82475D248}.Debug|Any CPU.ActiveCfg = Debug|Any CPU
		{326485A0-2762-44CA-87BA-E7B82475D248}.Debug|Any CPU.Build.0 = Debug|Any CPU
		{326485A0-2762-44CA-87BA-E7B82475D248}.Release|Any CPU.ActiveCfg = Release|Any CPU
		{326485A0-2762-44CA-87BA-E7B82475D248}.Release|Any CPU.Build.0 = Release|Any CPU
		{F5DA093B-8C2F-420C-9EA2-1028CE89C89F}.Debug|Any CPU.ActiveCfg = Debug|Any CPU
		{F5DA093B-8C2F-420C-9EA2-1028CE89C89F}.Debug|Any CPU.Build.0 = Debug|Any CPU
		{F5DA093B-8C2F-420C-9EA2-1028CE89C89F}.Release|Any CPU.ActiveCfg = Release|Any CPU
		{F5DA093B-8C2F-420C-9EA2-1028CE89C89F}.Release|Any CPU.Build.0 = Release|Any CPU
		{590A7127-597E-4F88-949E-CFBD2DA37A6E}.Debug|Any CPU.ActiveCfg = Debug|Any CPU
		{590A7127-597E-4F88-949E-CFBD2DA37A6E}.Debug|Any CPU.Build.0 = Debug|Any CPU
		{590A7127-597E-4F88-949E-CFBD2DA37A6E}.Release|Any CPU.ActiveCfg = Release|Any CPU
		{590A7127-597E-4F88-949E-CFBD2DA37A6E}.Release|Any CPU.Build.0 = Release|Any CPU
		{C54EF1DE-CA1C-44CE-9141-D3587348FB1B}.Debug|Any CPU.ActiveCfg = Debug|Any CPU
		{C54EF1DE-CA1C-44CE-9141-D3587348FB1B}.Debug|Any CPU.Build.0 = Debug|Any CPU
		{C54EF1DE-CA1C-44CE-9141-D3587348FB1B}.Release|Any CPU.ActiveCfg = Release|Any CPU
		{C54EF1DE-CA1C-44CE-9141-D3587348FB1B}.Release|Any CPU.Build.0 = Release|Any CPU
	EndGlobalSection
	GlobalSection(SolutionProperties) = preSolution
		HideSolutionNode = FALSE
	EndGlobalSection
	GlobalSection(ExtensibilityGlobals) = postSolution
		SolutionGuid = {7ED7CF99-E045-4077-B561-E012E5F50FD2}
	EndGlobalSection
EndGlobal
